
Microsoft Visual Studio Solution File, Format Version 12.00
# Visual Studio 15
Project("{FAE04EC0-301F-11D3-BF4B-00C04F79EFBC}") = "FirstGame.Plugins", "FirstGame.Plugins.csproj", "{25CE2D45-FF30-E890-F650-A9BB47BA2BBB}"
EndProject
Project("{FAE04EC0-301F-11D3-BF4B-00C04F79EFBC}") = "FirstGame", "FirstGame.csproj", "{EE578770-9D39-6BDF-6C43-616B559AE30C}"
EndProject
Project("{FAE04EC0-301F-11D3-BF4B-00C04F79EFBC}") = "FirstGame.Editor.Plugins", "FirstGame.Editor.Plugins.csproj", "{591F0B69-0E78-0436-6C50-C233E271DCC8}"
EndProject
Global
	GlobalSection(SolutionConfigurationPlatforms) = preSolution
		Debug|Any CPU = Debug|Any CPU
		Release|Any CPU = Release|Any CPU
	EndGlobalSection
	GlobalSection(ProjectConfigurationPlatforms) = postSolution
		{25CE2D45-FF30-E890-F650-A9BB47BA2BBB}.Debug|Any CPU.ActiveCfg = Debug|Any CPU
		{25CE2D45-FF30-E890-F650-A9BB47BA2BBB}.Debug|Any CPU.Build.0 = Debug|Any CPU
		{25CE2D45-FF30-E890-F650-A9BB47BA2BBB}.Release|Any CPU.ActiveCfg = Release|Any CPU
		{25CE2D45-FF30-E890-F650-A9BB47BA2BBB}.Release|Any CPU.Build.0 = Release|Any CPU
		{EE578770-9D39-6BDF-6C43-616B559AE30C}.Debug|Any CPU.ActiveCfg = Debug|Any CPU
		{EE578770-9D39-6BDF-6C43-616B559AE30C}.Debug|Any CPU.Build.0 = Debug|Any CPU
		{EE578770-9D39-6BDF-6C43-616B559AE30C}.Release|Any CPU.ActiveCfg = Release|Any CPU
		{EE578770-9D39-6BDF-6C43-616B559AE30C}.Release|Any CPU.Build.0 = Release|Any CPU
		{591F0B69-0E78-0436-6C50-C233E271DCC8}.Debug|Any CPU.ActiveCfg = Debug|Any CPU
		{591F0B69-0E78-0436-6C50-C233E271DCC8}.Debug|Any CPU.Build.0 = Debug|Any CPU
		{591F0B69-0E78-0436-6C50-C233E271DCC8}.Release|Any CPU.ActiveCfg = Release|Any CPU
		{591F0B69-0E78-0436-6C50-C233E271DCC8}.Release|Any CPU.Build.0 = Release|Any CPU
	EndGlobalSection
	GlobalSection(SolutionProperties) = preSolution
		HideSolutionNode = FALSE
	EndGlobalSection
EndGlobal
